
Microsoft Visual Studio Solution File, Format Version 12.00
# Visual Studio Version 17
VisualStudioVersion = 17.14.36915.13
MinimumVisualStudioVersion = 10.0.40219.1
Project("{FAE04EC0-301F-11D3-BF4B-00C04F79EFBC}") = "ResQMe_Project", "ResQMe_Project\ResQMe_Project.csproj", "{18650D2E-8179-4444-A7D0-40C2C0D8ABE7}"
EndProject
Project("{2150E333-8FDC-42A3-9474-1A3956D46DE8}") = "Web", "Web", "{02EA681E-C7D8-13C7-8484-4AC65E1B71E8}"
EndProject
Project("{FAE04EC0-301F-11D3-BF4B-00C04F79EFBC}") = "ResQMe.GCommon", "ResQMe.GCommon\ResQMe.GCommon.csproj", "{94410F6B-2517-4203-A91B-5DC14E99CDFC}"
EndProject
Project("{FAE04EC0-301F-11D3-BF4B-00C04F79EFBC}") = "ResQMe.ViewModels", "ResQMe.ViewModels\ResQMe.ViewModels.csproj", "{929A7CFC-D543-6551-A637-CF565966D399}"
EndProject
Global
	GlobalSection(SolutionConfigurationPlatforms) = preSolution
		Debug|Any CPU = Debug|Any CPU
		Release|Any CPU = Release|Any CPU
	EndGlobalSection
	GlobalSection(ProjectConfigurationPlatforms) = postSolution
		{18650D2E-8179-4444-A7D0-40C2C0D8ABE7}.Debug|Any CPU.ActiveCfg = Debug|Any CPU
		{18650D2E-8179-4444-A7D0-40C2C0D8ABE7}.Debug|Any CPU.Build.0 = Debug|Any CPU
		{18650D2E-8179-4444-A7D0-40C2C0D8ABE7}.Release|Any CPU.ActiveCfg = Release|Any CPU
		{18650D2E-8179-4444-A7D0-40C2C0D8ABE7}.Release|Any CPU.Build.0 = Release|Any CPU
		{94410F6B-2517-4203-A91B-5DC14E99CDFC}.Debug|Any CPU.ActiveCfg = Debug|Any CPU
		{94410F6B-2517-4203-A91B-5DC14E99CDFC}.Debug|Any CPU.Build.0 = Debug|Any CPU
		{94410F6B-2517-4203-A91B-5DC14E99CDFC}.Release|Any CPU.ActiveCfg = Release|Any CPU
		{94410F6B-2517-4203-A91B-5DC14E99CDFC}.Release|Any CPU.Build.0 = Release|Any CPU
		{929A7CFC-D543-6551-A637-CF565966D399}.Debug|Any CPU.ActiveCfg = Debug|Any CPU
		{929A7CFC-D543-6551-A637-CF565966D399}.Debug|Any CPU.Build.0 = Debug|Any CPU
		{929A7CFC-D543-6551-A637-CF565966D399}.Release|Any CPU.ActiveCfg = Release|Any CPU
		{929A7CFC-D543-6551-A637-CF565966D399}.Release|Any CPU.Build.0 = Release|Any CPU
	EndGlobalSection
	GlobalSection(SolutionProperties) = preSolution
		HideSolutionNode = FALSE
	EndGlobalSection
	GlobalSection(NestedProjects) = preSolution
		{18650D2E-8179-4444-A7D0-40C2C0D8ABE7} = {02EA681E-C7D8-13C7-8484-4AC65E1B71E8}
		{929A7CFC-D543-6551-A637-CF565966D399} = {02EA681E-C7D8-13C7-8484-4AC65E1B71E8}
	EndGlobalSection
	GlobalSection(ExtensibilityGlobals) = postSolution
		SolutionGuid = {871B4843-7849-403B-942B-FB8CDA9C3C2E}
	EndGlobalSection
EndGlobal
